
Microsoft Visual Studio Solution File, Format Version 12.00
# Visual Studio Version 17
VisualStudioVersion = 17.4.33213.308
MinimumVisualStudioVersion = 10.0.40219.1
Project("{FAE04EC0-301F-11D3-BF4B-00C04F79EFBC}") = "PRACTICA 4.8 REPASO - INVERSA", "PRACTICA 4.8 REPASO - INVERSA.csproj", "{3D2244B6-EBE7-461F-8AB8-70357B437067}"
EndProject
Global
	GlobalSection(SolutionConfigurationPlatforms) = preSolution
		Debug|Any CPU = Debug|Any CPU
		Release|Any CPU = Release|Any CPU
	EndGlobalSection
	GlobalSection(ProjectConfigurationPlatforms) = postSolution
		{3D2244B6-EBE7-461F-8AB8-70357B437067}.Debug|Any CPU.ActiveCfg = Debug|Any CPU
		{3D2244B6-EBE7-461F-8AB8-70357B437067}.Debug|Any CPU.Build.0 = Debug|Any CPU
		{3D2244B6-EBE7-461F-8AB8-70357B437067}.Release|Any CPU.ActiveCfg = Release|Any CPU
		{3D2244B6-EBE7-461F-8AB8-70357B437067}.Release|Any CPU.Build.0 = Release|Any CPU
	EndGlobalSection
	GlobalSection(SolutionProperties) = preSolution
		HideSolutionNode = FALSE
	EndGlobalSection
	GlobalSection(ExtensibilityGlobals) = postSolution
		SolutionGuid = {CC71983D-7B11-44C4-9C70-52BDEAC8A21A}
	EndGlobalSection
EndGlobal
